
Microsoft Visual Studio Solution File, Format Version 12.00
# Visual Studio Version 16
VisualStudioVersion = 16.0.30907.101
MinimumVisualStudioVersion = 10.0.40219.1
Project("{FAE04EC0-301F-11D3-BF4B-00C04F79EFBC}") = "lask3_task2", "lask3_task2\lask3_task2.csproj", "{9262704A-F00D-436E-A741-F6BF744AAB2E}"
EndProject
Global
	GlobalSection(SolutionConfigurationPlatforms) = preSolution
		Debug|Any CPU = Debug|Any CPU
		Release|Any CPU = Release|Any CPU
	EndGlobalSection
	GlobalSection(ProjectConfigurationPlatforms) = postSolution
		{9262704A-F00D-436E-A741-F6BF744AAB2E}.Debug|Any CPU.ActiveCfg = Debug|Any CPU
		{9262704A-F00D-436E-A741-F6BF744AAB2E}.Debug|Any CPU.Build.0 = Debug|Any CPU
		{9262704A-F00D-436E-A741-F6BF744AAB2E}.Release|Any CPU.ActiveCfg = Release|Any CPU
		{9262704A-F00D-436E-A741-F6BF744AAB2E}.Release|Any CPU.Build.0 = Release|Any CPU
	EndGlobalSection
	GlobalSection(SolutionProperties) = preSolution
		HideSolutionNode = FALSE
	EndGlobalSection
	GlobalSection(ExtensibilityGlobals) = postSolution
		SolutionGuid = {75828AC5-995E-41EE-8E81-723942F96953}
	EndGlobalSection
EndGlobal
