
Microsoft Visual Studio Solution File, Format Version 12.00
# Visual Studio Version 16
VisualStudioVersion = 16.0.30907.101
MinimumVisualStudioVersion = 10.0.40219.1
Project("{FAE04EC0-301F-11D3-BF4B-00C04F79EFBC}") = "lab3_task3", "lab3_task3\lab3_task3.csproj", "{15A465EF-09CD-4525-8162-D46749CC8F85}"
EndProject
Global
	GlobalSection(SolutionConfigurationPlatforms) = preSolution
		Debug|Any CPU = Debug|Any CPU
		Release|Any CPU = Release|Any CPU
	EndGlobalSection
	GlobalSection(ProjectConfigurationPlatforms) = postSolution
		{15A465EF-09CD-4525-8162-D46749CC8F85}.Debug|Any CPU.ActiveCfg = Debug|Any CPU
		{15A465EF-09CD-4525-8162-D46749CC8F85}.Debug|Any CPU.Build.0 = Debug|Any CPU
		{15A465EF-09CD-4525-8162-D46749CC8F85}.Release|Any CPU.ActiveCfg = Release|Any CPU
		{15A465EF-09CD-4525-8162-D46749CC8F85}.Release|Any CPU.Build.0 = Release|Any CPU
	EndGlobalSection
	GlobalSection(SolutionProperties) = preSolution
		HideSolutionNode = FALSE
	EndGlobalSection
	GlobalSection(ExtensibilityGlobals) = postSolution
		SolutionGuid = {AECC427B-7E88-42A9-9C38-E9764C80E00F}
	EndGlobalSection
EndGlobal
