
Microsoft Visual Studio Solution File, Format Version 12.00
# Visual Studio Version 16
VisualStudioVersion = 16.0.30907.101
MinimumVisualStudioVersion = 10.0.40219.1
Project("{FAE04EC0-301F-11D3-BF4B-00C04F79EFBC}") = "task1", "task1\task1.csproj", "{2D7B0FDC-674A-4FA4-993F-1B6820EA1C80}"
EndProject
Global
	GlobalSection(SolutionConfigurationPlatforms) = preSolution
		Debug|Any CPU = Debug|Any CPU
		Release|Any CPU = Release|Any CPU
	EndGlobalSection
	GlobalSection(ProjectConfigurationPlatforms) = postSolution
		{2D7B0FDC-674A-4FA4-993F-1B6820EA1C80}.Debug|Any CPU.ActiveCfg = Debug|Any CPU
		{2D7B0FDC-674A-4FA4-993F-1B6820EA1C80}.Debug|Any CPU.Build.0 = Debug|Any CPU
		{2D7B0FDC-674A-4FA4-993F-1B6820EA1C80}.Release|Any CPU.ActiveCfg = Release|Any CPU
		{2D7B0FDC-674A-4FA4-993F-1B6820EA1C80}.Release|Any CPU.Build.0 = Release|Any CPU
	EndGlobalSection
	GlobalSection(SolutionProperties) = preSolution
		HideSolutionNode = FALSE
	EndGlobalSection
	GlobalSection(ExtensibilityGlobals) = postSolution
		SolutionGuid = {7D617BFC-DFA0-4C6A-972F-2458B78606E9}
	EndGlobalSection
EndGlobal
