
Microsoft Visual Studio Solution File, Format Version 12.00
# Visual Studio Version 16
VisualStudioVersion = 16.0.30907.101
MinimumVisualStudioVersion = 10.0.40219.1
Project("{FAE04EC0-301F-11D3-BF4B-00C04F79EFBC}") = "lab3_task1", "lab3_task1\lab3_task1.csproj", "{8F25B89F-F7B0-480D-BD34-F0AA1D35B6E5}"
EndProject
Global
	GlobalSection(SolutionConfigurationPlatforms) = preSolution
		Debug|Any CPU = Debug|Any CPU
		Release|Any CPU = Release|Any CPU
	EndGlobalSection
	GlobalSection(ProjectConfigurationPlatforms) = postSolution
		{8F25B89F-F7B0-480D-BD34-F0AA1D35B6E5}.Debug|Any CPU.ActiveCfg = Debug|Any CPU
		{8F25B89F-F7B0-480D-BD34-F0AA1D35B6E5}.Debug|Any CPU.Build.0 = Debug|Any CPU
		{8F25B89F-F7B0-480D-BD34-F0AA1D35B6E5}.Release|Any CPU.ActiveCfg = Release|Any CPU
		{8F25B89F-F7B0-480D-BD34-F0AA1D35B6E5}.Release|Any CPU.Build.0 = Release|Any CPU
	EndGlobalSection
	GlobalSection(SolutionProperties) = preSolution
		HideSolutionNode = FALSE
	EndGlobalSection
	GlobalSection(ExtensibilityGlobals) = postSolution
		SolutionGuid = {4AFF0F22-EDB6-4F48-8DDF-98692FE6C79D}
	EndGlobalSection
EndGlobal
